
Microsoft Visual Studio Solution File, Format Version 12.00
# Visual Studio Version 16
VisualStudioVersion = 16.0.30717.126
MinimumVisualStudioVersion = 10.0.40219.1
Project("{FAE04EC0-301F-11D3-BF4B-00C04F79EFBC}") = "CodeSetup", "CodeSetup\CodeSetup.csproj", "{7A43EDF4-9314-4AFE-950F-96A41B594901}"
EndProject
Global
	GlobalSection(SolutionConfigurationPlatforms) = preSolution
		Debug|Any CPU = Debug|Any CPU
		Release|Any CPU = Release|Any CPU
	EndGlobalSection
	GlobalSection(ProjectConfigurationPlatforms) = postSolution
		{7A43EDF4-9314-4AFE-950F-96A41B594901}.Debug|Any CPU.ActiveCfg = Debug|Any CPU
		{7A43EDF4-9314-4AFE-950F-96A41B594901}.Debug|Any CPU.Build.0 = Debug|Any CPU
		{7A43EDF4-9314-4AFE-950F-96A41B594901}.Release|Any CPU.ActiveCfg = Release|Any CPU
		{7A43EDF4-9314-4AFE-950F-96A41B594901}.Release|Any CPU.Build.0 = Release|Any CPU
	EndGlobalSection
	GlobalSection(SolutionProperties) = preSolution
		HideSolutionNode = FALSE
	EndGlobalSection
	GlobalSection(ExtensibilityGlobals) = postSolution
		SolutionGuid = {149FC55A-9A02-474C-A8AF-9A03E28C7F86}
	EndGlobalSection
EndGlobal
